<?xml version="1.0" encoding="UTF-8"?>
<CONFIG>
  <ProjectOptions>
    <Version Value="12"/>
    <General>
      <SessionStorage Value="InProjectDir"/>
      <Title Value="Gerador de Projeto Lazarus"/>
      <Scaled Value="True"/>
      <ResourceType Value="res"/>
      <UseXPManifest Value="True"/>
      <XPManifest>
        <DpiAware Value="True"/>
        <TextName Value="code4fun.topazzio"/>
        <TextDesc Value="Cria o projeto Lazarus, os Forms e Classes com base nas tabelas do banco ou script"/>
      </XPManifest>
      <Icon Value="0"/>
    </General>
    <VersionInfo>
      <UseVersionInfo Value="True"/>
      <MajorVersionNr Value="1"/>
      <StringTable Comments="Gerador de projeto Lazarus/FPC" CompanyName="AMS Software" FileDescription="Gerador de projeto Lazarus/FPC" InternalName="Topazzio" LegalCopyright="Livre para usar" LegalTrademarks="AMS Software" OriginalFilename="topazzio" ProductName="Topazzio" ProductVersion="1.0.0.0"/>
    </VersionInfo>
    <BuildModes>
      <Item Name="Linux" Default="True"/>
      <Item Name="Windows">
        <CompilerOptions>
          <Version Value="11"/>
          <Target>
            <Filename Value="../release/windows/topazzio.exe"/>
          </Target>
          <SearchPaths>
            <IncludeFiles Value="$(ProjOutDir)"/>
            <OtherUnitFiles Value="views;util;datamodule;services"/>
            <UnitOutputDirectory Value="../temp/$(TargetCPU)-$(TargetOS)"/>
          </SearchPaths>
          <CodeGeneration>
            <SmartLinkUnit Value="True"/>
            <TargetCPU Value="x86_64"/>
            <TargetOS Value="win64"/>
          </CodeGeneration>
          <Linking>
            <Debugging>
              <StripSymbols Value="True"/>
              <UseExternalDbgSyms Value="True"/>
            </Debugging>
            <LinkSmart Value="True"/>
            <Options>
              <Win32>
                <GraphicApplication Value="True"/>
              </Win32>
            </Options>
          </Linking>
        </CompilerOptions>
      </Item>
    </BuildModes>
    <PublishOptions>
      <Version Value="2"/>
      <UseFileFilters Value="True"/>
    </PublishOptions>
    <RunParams>
      <FormatVersion Value="2"/>
    </RunParams>
    <RequiredPackages>
      <Item>
        <PackageName Value="MaskedEditPlusPackage"/>
      </Item>
      <Item>
        <PackageName Value="CheckboxPlusPackage"/>
      </Item>
      <Item>
        <PackageName Value="ToggleButtonPlusPackage"/>
      </Item>
      <Item>
        <PackageName Value="ChasePanelPackage"/>
      </Item>
      <Item>
        <PackageName Value="CircularProgressBarPackage"/>
      </Item>
      <Item>
        <PackageName Value="bgracontrols"/>
      </Item>
      <Item>
        <PackageName Value="SQLDBLaz"/>
      </Item>
      <Item>
        <PackageName Value="LazControls"/>
      </Item>
      <Item>
        <PackageName Value="LazControlDsgn"/>
      </Item>
      <Item>
        <PackageName Value="DBGridPlusPackage"/>
      </Item>
      <Item>
        <PackageName Value="rxnew"/>
      </Item>
      <Item>
        <PackageName Value="DateTimeCtrlsDsgn"/>
      </Item>
      <Item>
        <PackageName Value="DateTimeCtrls"/>
      </Item>
      <Item>
        <PackageName Value="TDI"/>
      </Item>
      <Item>
        <PackageName Value="LabelPlusPackage"/>
      </Item>
      <Item>
        <PackageName Value="FCL"/>
      </Item>
      <Item>
        <PackageName Value="zcomponentdesign"/>
      </Item>
      <Item>
        <PackageName Value="zcomponent"/>
      </Item>
      <Item>
        <PackageName Value="EditExtPackage"/>
      </Item>
      <Item>
        <PackageName Value="ButtonPlusPackage"/>
      </Item>
      <Item>
        <PackageName Value="PanelPlusPackage"/>
      </Item>
      <Item>
        <PackageName Value="LCL"/>
      </Item>
    </RequiredPackages>
    <Units>
      <Unit>
        <Filename Value="topazzio.lpr"/>
        <IsPartOfProject Value="True"/>
      </Unit>
      <Unit>
        <Filename Value="views/view.main.pas"/>
        <IsPartOfProject Value="True"/>
        <ComponentName Value="frmMain"/>
        <HasResources Value="True"/>
        <ResourceBaseClass Value="Form"/>
        <UnitName Value="View.Main"/>
      </Unit>
      <Unit>
        <Filename Value="util/util.projetolazarus.pas"/>
        <IsPartOfProject Value="True"/>
        <UnitName Value="Util.ProjetoLazarus"/>
      </Unit>
      <Unit>
        <Filename Value="datamodule/dm.server.pas"/>
        <IsPartOfProject Value="True"/>
        <ComponentName Value="DMServer"/>
        <HasResources Value="True"/>
        <ResourceBaseClass Value="DataModule"/>
        <UnitName Value="DM.Server"/>
      </Unit>
      <Unit>
        <Filename Value="services/service.projeto.pas"/>
        <IsPartOfProject Value="True"/>
        <UnitName Value="Service.Projeto"/>
      </Unit>
      <Unit>
        <Filename Value="services/service.tabela.pas"/>
        <IsPartOfProject Value="True"/>
        <UnitName Value="Service.Tabela"/>
      </Unit>
      <Unit>
        <Filename Value="services/service.campo.pas"/>
        <IsPartOfProject Value="True"/>
        <UnitName Value="Service.Campo"/>
      </Unit>
      <Unit>
        <Filename Value="services/service.infotabelas.pas"/>
        <IsPartOfProject Value="True"/>
        <UnitName Value="Service.InfoTabelas"/>
      </Unit>
      <Unit>
        <Filename Value="util/util.easythead.pas"/>
        <IsPartOfProject Value="True"/>
        <UnitName Value="Util.EasyThead"/>
      </Unit>
      <Unit>
        <Filename Value="views/view.editartabela.pas"/>
        <IsPartOfProject Value="True"/>
        <ComponentName Value="frmEditarTabela"/>
        <HasResources Value="True"/>
        <ResourceBaseClass Value="Form"/>
        <UnitName Value="View.EditarTabela"/>
      </Unit>
      <Unit>
        <Filename Value="util/util.funcoes.pas"/>
        <IsPartOfProject Value="True"/>
        <UnitName Value="Util.Funcoes"/>
      </Unit>
      <Unit>
        <Filename Value="views/view.splash.pas"/>
        <IsPartOfProject Value="True"/>
        <ComponentName Value="frmSplash"/>
        <HasResources Value="True"/>
        <ResourceBaseClass Value="Form"/>
        <UnitName Value="View.Splash"/>
      </Unit>
      <Unit>
        <Filename Value="util/util.messagepopup.pas"/>
        <IsPartOfProject Value="True"/>
        <UnitName Value="Util.MessagePopup"/>
      </Unit>
      <Unit>
        <Filename Value="util/util.jsonresult.pas"/>
        <IsPartOfProject Value="True"/>
        <UnitName Value="Util.JsonResult"/>
      </Unit>
      <Unit>
        <Filename Value="util/util.validacaocampos.pas"/>
        <IsPartOfProject Value="True"/>
        <UnitName Value="Util.ValidacaoCampos"/>
      </Unit>
      <Unit>
        <Filename Value="util/util.abrirpastaprojeto.pas"/>
        <IsPartOfProject Value="True"/>
        <UnitName Value="Util.AbrirPastaProjeto"/>
      </Unit>
      <Unit>
        <Filename Value="views/view.compilador.pas"/>
        <IsPartOfProject Value="True"/>
        <ComponentName Value="frmCompilador"/>
        <HasResources Value="True"/>
        <ResourceBaseClass Value="Form"/>
        <UnitName Value="View.Compilador"/>
      </Unit>
    </Units>
  </ProjectOptions>
  <CompilerOptions>
    <Version Value="11"/>
    <Target>
      <Filename Value="../release/linux/topazzio"/>
    </Target>
    <SearchPaths>
      <IncludeFiles Value="$(ProjOutDir)"/>
      <OtherUnitFiles Value="views;util;datamodule;services"/>
      <UnitOutputDirectory Value="../temp/$(TargetCPU)-$(TargetOS)"/>
    </SearchPaths>
    <CodeGeneration>
      <SmartLinkUnit Value="True"/>
      <TargetCPU Value="x86_64"/>
      <TargetOS Value="linux"/>
    </CodeGeneration>
    <Linking>
      <Debugging>
        <DebugInfoType Value="dsDwarf3"/>
        <StripSymbols Value="True"/>
        <UseExternalDbgSyms Value="True"/>
      </Debugging>
      <LinkSmart Value="True"/>
      <Options>
        <Win32>
          <GraphicApplication Value="True"/>
        </Win32>
      </Options>
    </Linking>
  </CompilerOptions>
  <Debugging>
    <Exceptions>
      <Item>
        <Name Value="EAbort"/>
      </Item>
      <Item>
        <Name Value="ECodetoolError"/>
      </Item>
      <Item>
        <Name Value="EFOpenError"/>
      </Item>
    </Exceptions>
  </Debugging>
</CONFIG>
